
Microsoft Visual Studio Solution File, Format Version 12.00
# Visual Studio Version 17
VisualStudioVersion = 17.4.33205.214
MinimumVisualStudioVersion = 10.0.40219.1
Project("{9A19103F-16F7-4668-BE54-9A1E7A4F7556}") = "Arduino", "Arduino\Arduino.csproj", "{6AE5A693-12F0-4870-9372-7DD8393F2AB2}"
EndProject
Project("{9A19103F-16F7-4668-BE54-9A1E7A4F7556}") = "Arduino.Core", "Arduino.Core\Arduino.Core.csproj", "{EC493908-2D8B-4C47-9F4A-453391930D7F}"
EndProject
Global
	GlobalSection(SolutionConfigurationPlatforms) = preSolution
		Debug|Any CPU = Debug|Any CPU
		Debug|iPhone = Debug|iPhone
		Debug|iPhoneSimulator = Debug|iPhoneSimulator
		Release|Any CPU = Release|Any CPU
		Release|iPhone = Release|iPhone
		Release|iPhoneSimulator = Release|iPhoneSimulator
	EndGlobalSection
	GlobalSection(ProjectConfigurationPlatforms) = postSolution
		{6AE5A693-12F0-4870-9372-7DD8393F2AB2}.Debug|Any CPU.ActiveCfg = Debug|Any CPU
		{6AE5A693-12F0-4870-9372-7DD8393F2AB2}.Debug|Any CPU.Build.0 = Debug|Any CPU
		{6AE5A693-12F0-4870-9372-7DD8393F2AB2}.Debug|iPhone.ActiveCfg = Debug|Any CPU
		{6AE5A693-12F0-4870-9372-7DD8393F2AB2}.Debug|iPhone.Build.0 = Debug|Any CPU
		{6AE5A693-12F0-4870-9372-7DD8393F2AB2}.Debug|iPhoneSimulator.ActiveCfg = Debug|Any CPU
		{6AE5A693-12F0-4870-9372-7DD8393F2AB2}.Debug|iPhoneSimulator.Build.0 = Debug|Any CPU
		{6AE5A693-12F0-4870-9372-7DD8393F2AB2}.Release|Any CPU.ActiveCfg = Release|Any CPU
		{6AE5A693-12F0-4870-9372-7DD8393F2AB2}.Release|Any CPU.Build.0 = Release|Any CPU
		{6AE5A693-12F0-4870-9372-7DD8393F2AB2}.Release|iPhone.ActiveCfg = Release|Any CPU
		{6AE5A693-12F0-4870-9372-7DD8393F2AB2}.Release|iPhone.Build.0 = Release|Any CPU
		{6AE5A693-12F0-4870-9372-7DD8393F2AB2}.Release|iPhoneSimulator.ActiveCfg = Release|Any CPU
		{6AE5A693-12F0-4870-9372-7DD8393F2AB2}.Release|iPhoneSimulator.Build.0 = Release|Any CPU
		{EC493908-2D8B-4C47-9F4A-453391930D7F}.Debug|Any CPU.ActiveCfg = Debug|Any CPU
		{EC493908-2D8B-4C47-9F4A-453391930D7F}.Debug|Any CPU.Build.0 = Debug|Any CPU
		{EC493908-2D8B-4C47-9F4A-453391930D7F}.Debug|iPhone.ActiveCfg = Debug|Any CPU
		{EC493908-2D8B-4C47-9F4A-453391930D7F}.Debug|iPhone.Build.0 = Debug|Any CPU
		{EC493908-2D8B-4C47-9F4A-453391930D7F}.Debug|iPhoneSimulator.ActiveCfg = Debug|Any CPU
		{EC493908-2D8B-4C47-9F4A-453391930D7F}.Debug|iPhoneSimulator.Build.0 = Debug|Any CPU
		{EC493908-2D8B-4C47-9F4A-453391930D7F}.Release|Any CPU.ActiveCfg = Release|Any CPU
		{EC493908-2D8B-4C47-9F4A-453391930D7F}.Release|Any CPU.Build.0 = Release|Any CPU
		{EC493908-2D8B-4C47-9F4A-453391930D7F}.Release|iPhone.ActiveCfg = Release|Any CPU
		{EC493908-2D8B-4C47-9F4A-453391930D7F}.Release|iPhone.Build.0 = Release|Any CPU
		{EC493908-2D8B-4C47-9F4A-453391930D7F}.Release|iPhoneSimulator.ActiveCfg = Release|Any CPU
		{EC493908-2D8B-4C47-9F4A-453391930D7F}.Release|iPhoneSimulator.Build.0 = Release|Any CPU
	EndGlobalSection
	GlobalSection(SolutionProperties) = preSolution
		HideSolutionNode = FALSE
	EndGlobalSection
	GlobalSection(ExtensibilityGlobals) = postSolution
		SolutionGuid = {1E1BB90F-34C3-4681-BF78-F079667AD23A}
	EndGlobalSection
EndGlobal
